
Microsoft Visual Studio Solution File, Format Version 12.00
# Visual Studio Version 16
VisualStudioVersion = 16.0.29920.165
MinimumVisualStudioVersion = 10.0.40219.1
Project("{FAE04EC0-301F-11D3-BF4B-00C04F79EFBC}") = "Vize", "Vize\Vize.csproj", "{9CB3EA12-1FFB-456B-A196-A641559B452C}"
EndProject
Global
	GlobalSection(SolutionConfigurationPlatforms) = preSolution
		Debug|Any CPU = Debug|Any CPU
		Release|Any CPU = Release|Any CPU
	EndGlobalSection
	GlobalSection(ProjectConfigurationPlatforms) = postSolution
		{9CB3EA12-1FFB-456B-A196-A641559B452C}.Debug|Any CPU.ActiveCfg = Debug|Any CPU
		{9CB3EA12-1FFB-456B-A196-A641559B452C}.Debug|Any CPU.Build.0 = Debug|Any CPU
		{9CB3EA12-1FFB-456B-A196-A641559B452C}.Release|Any CPU.ActiveCfg = Release|Any CPU
		{9CB3EA12-1FFB-456B-A196-A641559B452C}.Release|Any CPU.Build.0 = Release|Any CPU
	EndGlobalSection
	GlobalSection(SolutionProperties) = preSolution
		HideSolutionNode = FALSE
	EndGlobalSection
	GlobalSection(ExtensibilityGlobals) = postSolution
		SolutionGuid = {3B2737E9-ED71-486A-955F-D4128A6CAB48}
	EndGlobalSection
EndGlobal
